lockfileVersion: '9.0'

settings:
  autoInstallPeers: true
  excludeLinksFromLockfile: false

importers:

  .:
    dependencies:
      domino-ext:
        specifier: ^2.1.4
        version: https://registry.npmmirror.com/domino-ext/-/domino-ext-2.1.4.tgz
      joplin-turndown-plugin-gfm:
        specifier: ^1.0.12
        version: https://registry.npmmirror.com/joplin-turndown-plugin-gfm/-/joplin-turndown-plugin-gfm-1.0.12.tgz
      turndown:
        specifier: ^7.1.2
        version: https://registry.npmmirror.com/turndown/-/turndown-7.1.2.tgz

packages:

  domino-ext@https://registry.npmmirror.com/domino-ext/-/domino-ext-2.1.4.tgz:
    resolution: {integrity: sha512-t8piRI9Qahd4V/NqnCcqdBWsQ4OYeOvcTuoHl38Pzk9OJJ/UiCYHA2jX2fACmBtDlSMiWa0uR524KuLEAMc/3Q==, tarball: https://registry.npmmirror.com/domino-ext/-/domino-ext-2.1.4.tgz}
    version: 2.1.4

  domino@https://registry.npmmirror.com/domino/-/domino-2.1.6.tgz:
    resolution: {integrity: sha512-3VdM/SXBZX2omc9JF9nOPCtDaYQ67BGp5CoLpIQlO2KCAPETs8TcDHacF26jXadGbvUteZzRTeos2fhID5+ucQ==, tarball: https://registry.npmmirror.com/domino/-/domino-2.1.6.tgz}
    version: 2.1.6

  joplin-turndown-plugin-gfm@https://registry.npmmirror.com/joplin-turndown-plugin-gfm/-/joplin-turndown-plugin-gfm-1.0.12.tgz:
    resolution: {integrity: sha512-qL4+1iycQjZ1fs8zk3jSRk7cg3ROBUHk7GKtiLAQLFzLPKErnILUvz5DLszSQvz3s1sTjPbywLDISVUtBY6HaA==, tarball: https://registry.npmmirror.com/joplin-turndown-plugin-gfm/-/joplin-turndown-plugin-gfm-1.0.12.tgz}
    version: 1.0.12

  turndown@https://registry.npmmirror.com/turndown/-/turndown-7.1.2.tgz:
    resolution: {integrity: sha512-ntI9R7fcUKjqBP6QU8rBK2Ehyt8LAzt3UBT9JR9tgo6GtuKvyUzpayWmeMKJw1DPdXzktvtIT8m2mVXz+bL/Qg==, tarball: https://registry.npmmirror.com/turndown/-/turndown-7.1.2.tgz}
    version: 7.1.2

snapshots:

  domino-ext@https://registry.npmmirror.com/domino-ext/-/domino-ext-2.1.4.tgz: {}

  domino@https://registry.npmmirror.com/domino/-/domino-2.1.6.tgz: {}

  joplin-turndown-plugin-gfm@https://registry.npmmirror.com/joplin-turndown-plugin-gfm/-/joplin-turndown-plugin-gfm-1.0.12.tgz: {}

  turndown@https://registry.npmmirror.com/turndown/-/turndown-7.1.2.tgz:
    dependencies:
      domino: https://registry.npmmirror.com/domino/-/domino-2.1.6.tgz
